
Microsoft Visual Studio Solution File, Format Version 12.00
# Visual Studio Version 17
VisualStudioVersion = 17.0.31903.59
MinimumVisualStudioVersion = 10.0.40219.1
Project("{FAE04EC0-301F-11D3-BF4B-00C04F79EFBC}") = "API", "API\API.csproj", "{043C8E04-4950-4716-9C30-9B2D1CFE84C0}"
EndProject
Project("{FAE04EC0-301F-11D3-BF4B-00C04F79EFBC}") = "Core", "Core\Core.csproj", "{92D45269-0325-4A43-B516-45D95DF9C630}"
EndProject
Project("{FAE04EC0-301F-11D3-BF4B-00C04F79EFBC}") = "Infrastructure", "Infrastructure\Infrastructure.csproj", "{58D74767-3CFC-4BA8-A2C5-FDCC75B1E294}"
EndProject
Global
	GlobalSection(SolutionConfigurationPlatforms) = preSolution
		Debug|Any CPU = Debug|Any CPU
		Release|Any CPU = Release|Any CPU
	EndGlobalSection
	GlobalSection(SolutionProperties) = preSolution
		HideSolutionNode = FALSE
	EndGlobalSection
	GlobalSection(ProjectConfigurationPlatforms) = postSolution
		{043C8E04-4950-4716-9C30-9B2D1CFE84C0}.Debug|Any CPU.ActiveCfg = Debug|Any CPU
		{043C8E04-4950-4716-9C30-9B2D1CFE84C0}.Debug|Any CPU.Build.0 = Debug|Any CPU
		{043C8E04-4950-4716-9C30-9B2D1CFE84C0}.Release|Any CPU.ActiveCfg = Release|Any CPU
		{043C8E04-4950-4716-9C30-9B2D1CFE84C0}.Release|Any CPU.Build.0 = Release|Any CPU
		{92D45269-0325-4A43-B516-45D95DF9C630}.Debug|Any CPU.ActiveCfg = Debug|Any CPU
		{92D45269-0325-4A43-B516-45D95DF9C630}.Debug|Any CPU.Build.0 = Debug|Any CPU
		{92D45269-0325-4A43-B516-45D95DF9C630}.Release|Any CPU.ActiveCfg = Release|Any CPU
		{92D45269-0325-4A43-B516-45D95DF9C630}.Release|Any CPU.Build.0 = Release|Any CPU
		{58D74767-3CFC-4BA8-A2C5-FDCC75B1E294}.Debug|Any CPU.ActiveCfg = Debug|Any CPU
		{58D74767-3CFC-4BA8-A2C5-FDCC75B1E294}.Debug|Any CPU.Build.0 = Debug|Any CPU
		{58D74767-3CFC-4BA8-A2C5-FDCC75B1E294}.Release|Any CPU.ActiveCfg = Release|Any CPU
		{58D74767-3CFC-4BA8-A2C5-FDCC75B1E294}.Release|Any CPU.Build.0 = Release|Any CPU
	EndGlobalSection
EndGlobal
